
Microsoft Visual Studio Solution File, Format Version 12.00
# Visual Studio Version 16
VisualStudioVersion = 16.0.29503.13
MinimumVisualStudioVersion = 10.0.40219.1
Project("{FAE04EC0-301F-11D3-BF4B-00C04F79EFBC}") = "Recursion tournament", "Recursion tournament\Recursion tournament.csproj", "{785A571C-06D5-462A-A69B-C48B61208A24}"
EndProject
Project("{FAE04EC0-301F-11D3-BF4B-00C04F79EFBC}") = "Num 2", "Num 2\Num 2.csproj", "{0E2A8006-7629-4E64-96D7-7FDD58CDE909}"
EndProject
Project("{FAE04EC0-301F-11D3-BF4B-00C04F79EFBC}") = "Num 3", "Num 3\Num 3.csproj", "{D71D030C-9B98-4760-836C-1C016C64F0A2}"
EndProject
Project("{FAE04EC0-301F-11D3-BF4B-00C04F79EFBC}") = "Num 4", "Num 4\Num 4.csproj", "{01EDFCDE-0ACE-4933-BD1E-776AB10524CC}"
EndProject
Project("{FAE04EC0-301F-11D3-BF4B-00C04F79EFBC}") = "Num 5", "Num 5\Num 5.csproj", "{CB6A66CB-881E-4041-87A0-8B2B96D56832}"
EndProject
Project("{FAE04EC0-301F-11D3-BF4B-00C04F79EFBC}") = "Num 6", "Num 6\Num 6.csproj", "{32F754A7-C5EC-4EDD-BBEA-E4FD1DCB789C}"
EndProject
Project("{FAE04EC0-301F-11D3-BF4B-00C04F79EFBC}") = "Num 7", "Num 7\Num 7.csproj", "{8F766731-1517-467A-B008-DD7075BFED93}"
EndProject
Project("{FAE04EC0-301F-11D3-BF4B-00C04F79EFBC}") = "TestProject", "TestProject\TestProject.csproj", "{B8AC9702-CD3F-4AA0-B5D7-A582B9C585F5}"
EndProject
Project("{FAE04EC0-301F-11D3-BF4B-00C04F79EFBC}") = "JustSomeStrangeProject", "JustSomeStrangeProject\JustSomeStrangeProject.csproj", "{75830888-199D-4A51-BC54-78D4CAC56CE5}"
EndProject
Global
	GlobalSection(SolutionConfigurationPlatforms) = preSolution
		Debug|Any CPU = Debug|Any CPU
		Release|Any CPU = Release|Any CPU
	EndGlobalSection
	GlobalSection(ProjectConfigurationPlatforms) = postSolution
		{785A571C-06D5-462A-A69B-C48B61208A24}.Debug|Any CPU.ActiveCfg = Debug|Any CPU
		{785A571C-06D5-462A-A69B-C48B61208A24}.Debug|Any CPU.Build.0 = Debug|Any CPU
		{785A571C-06D5-462A-A69B-C48B61208A24}.Release|Any CPU.ActiveCfg = Release|Any CPU
		{785A571C-06D5-462A-A69B-C48B61208A24}.Release|Any CPU.Build.0 = Release|Any CPU
		{0E2A8006-7629-4E64-96D7-7FDD58CDE909}.Debug|Any CPU.ActiveCfg = Debug|Any CPU
		{0E2A8006-7629-4E64-96D7-7FDD58CDE909}.Debug|Any CPU.Build.0 = Debug|Any CPU
		{0E2A8006-7629-4E64-96D7-7FDD58CDE909}.Release|Any CPU.ActiveCfg = Release|Any CPU
		{0E2A8006-7629-4E64-96D7-7FDD58CDE909}.Release|Any CPU.Build.0 = Release|Any CPU
		{D71D030C-9B98-4760-836C-1C016C64F0A2}.Debug|Any CPU.ActiveCfg = Debug|Any CPU
		{D71D030C-9B98-4760-836C-1C016C64F0A2}.Debug|Any CPU.Build.0 = Debug|Any CPU
		{D71D030C-9B98-4760-836C-1C016C64F0A2}.Release|Any CPU.ActiveCfg = Release|Any CPU
		{D71D030C-9B98-4760-836C-1C016C64F0A2}.Release|Any CPU.Build.0 = Release|Any CPU
		{01EDFCDE-0ACE-4933-BD1E-776AB10524CC}.Debug|Any CPU.ActiveCfg = Debug|Any CPU
		{01EDFCDE-0ACE-4933-BD1E-776AB10524CC}.Debug|Any CPU.Build.0 = Debug|Any CPU
		{01EDFCDE-0ACE-4933-BD1E-776AB10524CC}.Release|Any CPU.ActiveCfg = Release|Any CPU
		{01EDFCDE-0ACE-4933-BD1E-776AB10524CC}.Release|Any CPU.Build.0 = Release|Any CPU
		{CB6A66CB-881E-4041-87A0-8B2B96D56832}.Debug|Any CPU.ActiveCfg = Debug|Any CPU
		{CB6A66CB-881E-4041-87A0-8B2B96D56832}.Debug|Any CPU.Build.0 = Debug|Any CPU
		{CB6A66CB-881E-4041-87A0-8B2B96D56832}.Release|Any CPU.ActiveCfg = Release|Any CPU
		{CB6A66CB-881E-4041-87A0-8B2B96D56832}.Release|Any CPU.Build.0 = Release|Any CPU
		{32F754A7-C5EC-4EDD-BBEA-E4FD1DCB789C}.Debug|Any CPU.ActiveCfg = Debug|Any CPU
		{32F754A7-C5EC-4EDD-BBEA-E4FD1DCB789C}.Debug|Any CPU.Build.0 = Debug|Any CPU
		{32F754A7-C5EC-4EDD-BBEA-E4FD1DCB789C}.Release|Any CPU.ActiveCfg = Release|Any CPU
		{32F754A7-C5EC-4EDD-BBEA-E4FD1DCB789C}.Release|Any CPU.Build.0 = Release|Any CPU
		{8F766731-1517-467A-B008-DD7075BFED93}.Debug|Any CPU.ActiveCfg = Debug|Any CPU
		{8F766731-1517-467A-B008-DD7075BFED93}.Debug|Any CPU.Build.0 = Debug|Any CPU
		{8F766731-1517-467A-B008-DD7075BFED93}.Release|Any CPU.ActiveCfg = Release|Any CPU
		{8F766731-1517-467A-B008-DD7075BFED93}.Release|Any CPU.Build.0 = Release|Any CPU
		{B8AC9702-CD3F-4AA0-B5D7-A582B9C585F5}.Debug|Any CPU.ActiveCfg = Debug|Any CPU
		{B8AC9702-CD3F-4AA0-B5D7-A582B9C585F5}.Debug|Any CPU.Build.0 = Debug|Any CPU
		{B8AC9702-CD3F-4AA0-B5D7-A582B9C585F5}.Release|Any CPU.ActiveCfg = Release|Any CPU
		{B8AC9702-CD3F-4AA0-B5D7-A582B9C585F5}.Release|Any CPU.Build.0 = Release|Any CPU
		{75830888-199D-4A51-BC54-78D4CAC56CE5}.Debug|Any CPU.ActiveCfg = Debug|Any CPU
		{75830888-199D-4A51-BC54-78D4CAC56CE5}.Debug|Any CPU.Build.0 = Debug|Any CPU
		{75830888-199D-4A51-BC54-78D4CAC56CE5}.Release|Any CPU.ActiveCfg = Release|Any CPU
		{75830888-199D-4A51-BC54-78D4CAC56CE5}.Release|Any CPU.Build.0 = Release|Any CPU
	EndGlobalSection
	GlobalSection(SolutionProperties) = preSolution
		HideSolutionNode = FALSE
	EndGlobalSection
	GlobalSection(ExtensibilityGlobals) = postSolution
		SolutionGuid = {21283A05-AEB6-4709-A7AD-308140824BD3}
	EndGlobalSection
EndGlobal
