
Microsoft Visual Studio Solution File, Format Version 12.00
# Visual Studio Version 16
VisualStudioVersion = 16.0.29728.190
MinimumVisualStudioVersion = 10.0.40219.1
Project("{9A19103F-16F7-4668-BE54-9A1E7A4F7556}") = "В ожидании учителей", "В ожидании учителей\В ожидании учителей.csproj", "{99D54DC6-B3D7-4C70-90B2-027D34057E4D}"
EndProject
Project("{FAE04EC0-301F-11D3-BF4B-00C04F79EFBC}") = "ConsoleApp1", "ConsoleApp1\ConsoleApp1.csproj", "{1646206A-01B7-476C-9165-707FD23A6C0D}"
EndProject
Global
	GlobalSection(SolutionConfigurationPlatforms) = preSolution
		Debug|Any CPU = Debug|Any CPU
		Release|Any CPU = Release|Any CPU
	EndGlobalSection
	GlobalSection(ProjectConfigurationPlatforms) = postSolution
		{99D54DC6-B3D7-4C70-90B2-027D34057E4D}.Debug|Any CPU.ActiveCfg = Debug|Any CPU
		{99D54DC6-B3D7-4C70-90B2-027D34057E4D}.Debug|Any CPU.Build.0 = Debug|Any CPU
		{99D54DC6-B3D7-4C70-90B2-027D34057E4D}.Release|Any CPU.ActiveCfg = Release|Any CPU
		{99D54DC6-B3D7-4C70-90B2-027D34057E4D}.Release|Any CPU.Build.0 = Release|Any CPU
		{1646206A-01B7-476C-9165-707FD23A6C0D}.Debug|Any CPU.ActiveCfg = Debug|Any CPU
		{1646206A-01B7-476C-9165-707FD23A6C0D}.Debug|Any CPU.Build.0 = Debug|Any CPU
		{1646206A-01B7-476C-9165-707FD23A6C0D}.Release|Any CPU.ActiveCfg = Release|Any CPU
		{1646206A-01B7-476C-9165-707FD23A6C0D}.Release|Any CPU.Build.0 = Release|Any CPU
	EndGlobalSection
	GlobalSection(SolutionProperties) = preSolution
		HideSolutionNode = FALSE
	EndGlobalSection
	GlobalSection(ExtensibilityGlobals) = postSolution
		SolutionGuid = {41DBF4CE-45D9-4800-A12A-181A3CB6E146}
	EndGlobalSection
EndGlobal
